{
  "dependencies": {
    "cron": {
      "version": "http://registry.npmjs.org/cron/-/cron-1.0.3.tgz"
    },
    "time": {
      "version": "http://registry.npmjs.org/time/-/time-0.10.0.tgz",
      "dependencies": {
        "bindings": {
          "version": "http://registry.npmjs.org/bindings/-/bindings-1.1.1.tgz"
        },
        "debug": {
          "version": "http://registry.npmjs.org/debug/-/debug-0.7.4.tgz"
        },
        "nan": {
          "version": "http://registry.npmjs.org/nan/-/nan-0.4.4.tgz"
        }
      }
    }
  }
}
